
Microsoft Visual Studio Solution File, Format Version 12.00
# Visual Studio Version 17
VisualStudioVersion = 17.5.002.0
MinimumVisualStudioVersion = 10.0.40219.1
Project("{2150E333-8FDC-42A3-9474-1A3956D46DE8}") = "src", "src", "{AD7F684A-3B57-4A3F-8114-E9E33595A2CB}"
EndProject
Project("{9A19103F-16F7-4668-BE54-9A1E7A4F7556}") = "CatalogService", "src\CatalogService\CatalogService.csproj", "{63A739D4-C715-44F9-BB98-2C20AC47A7B6}"
EndProject
Global
	GlobalSection(SolutionConfigurationPlatforms) = preSolution
		Debug|Any CPU = Debug|Any CPU
		Release|Any CPU = Release|Any CPU
	EndGlobalSection
	GlobalSection(ProjectConfigurationPlatforms) = postSolution
		{63A739D4-C715-44F9-BB98-2C20AC47A7B6}.Debug|Any CPU.ActiveCfg = Debug|Any CPU
		{63A739D4-C715-44F9-BB98-2C20AC47A7B6}.Debug|Any CPU.Build.0 = Debug|Any CPU
		{63A739D4-C715-44F9-BB98-2C20AC47A7B6}.Release|Any CPU.ActiveCfg = Release|Any CPU
		{63A739D4-C715-44F9-BB98-2C20AC47A7B6}.Release|Any CPU.Build.0 = Release|Any CPU
	EndGlobalSection
	GlobalSection(SolutionProperties) = preSolution
		HideSolutionNode = FALSE
	EndGlobalSection
	GlobalSection(NestedProjects) = preSolution
		{63A739D4-C715-44F9-BB98-2C20AC47A7B6} = {AD7F684A-3B57-4A3F-8114-E9E33595A2CB}
	EndGlobalSection
	GlobalSection(ExtensibilityGlobals) = postSolution
		SolutionGuid = {5C53FDDC-E3D5-45A7-B39D-E6F692D0F9E9}
	EndGlobalSection
EndGlobal
